// !$*UTF8*$!
{
	archiveVersion = 1;
	classes = {
	};
	objectVersion = 48;
	objects = {

/* Begin PBXBuildFile section */
		2F07019E20B7F0BB000FA0E0 /* AppDelegate.swift in Sources */ = {isa = PBXBuildFile; fileRef = 2F07019D20B7F0BB000FA0E0 /* AppDelegate.swift */; };
		2F0701A020B7F0BB000FA0E0 /* DetailViewController.swift in Sources */ = {isa = PBXBuildFile; fileRef = 2F07019F20B7F0BB000FA0E0 /* DetailViewController.swift */; };
		2F0701A320B7F0BB000FA0E0 /* Main.storyboard in Resources */ = {isa = PBXBuildFile; fileRef = 2F0701A120B7F0BB000FA0E0 /* Main.storyboard */; };
		2F0701A620B7F0BB000FA0E0 /* SaveFootCheckerCoreData.xcdatamodeld in Sources */ = {isa = PBXBuildFile; fileRef = 2F0701A420B7F0BB000FA0E0 /* SaveFootCheckerCoreData.xcdatamodeld */; };
		2F0701A820B7F0BB000FA0E0 /* Assets.xcassets in Resources */ = {isa = PBXBuildFile; fileRef = 2F0701A720B7F0BB000FA0E0 /* Assets.xcassets */; };
		2F0701AB20B7F0BB000FA0E0 /* LaunchScreen.storyboard in Resources */ = {isa = PBXBuildFile; fileRef = 2F0701A920B7F0BB000FA0E0 /* LaunchScreen.storyboard */; };
		2F0701B320B7F5C6000FA0E0 /* MasterViewController.swift in Sources */ = {isa = PBXBuildFile; fileRef = 2F0701B220B7F5C6000FA0E0 /* MasterViewController.swift */; };
		2F0701B720B7F658000FA0E0 /* RantingController.swift in Sources */ = {isa = PBXBuildFile; fileRef = 2F0701B620B7F658000FA0E0 /* RantingController.swift */; };
/* End PBXBuildFile section */

/* Begin PBXFileReference section */
		2F07019A20B7F0BB000FA0E0 /* SaveFootCheckerCoreData.app */ = {isa = PBXFileReference; explicitFileType = wrapper.application; includeInIndex = 0; path = SaveFootCheckerCoreData.app; sourceTree = BUILT_PRODUCTS_DIR; };
		2F07019D20B7F0BB000FA0E0 /* AppDelegate.swift */ = {isa = PBXFileReference; lastKnownFileType = sourcecode.swift; path = AppDelegate.swift; sourceTree = "<group>"; };
		2F07019F20B7F0BB000FA0E0 /* DetailViewController.swift */ = {isa = PBXFileReference; lastKnownFileType = sourcecode.swift; path = DetailViewController.swift; sourceTree = "<group>"; };
		2F0701A220B7F0BB000FA0E0 /* Base */ = {isa = PBXFileReference; lastKnownFileType = file.storyboard; name = Base; path = Base.lproj/Main.storyboard; sourceTree = "<group>"; };
		2F0701A520B7F0BB000FA0E0 /* SaveFootCheckerCoreData.xcdatamodel */ = {isa = PBXFileReference; lastKnownFileType = wrapper.xcdatamodel; path = SaveFootCheckerCoreData.xcdatamodel; sourceTree = "<group>"; };
		2F0701A720B7F0BB000FA0E0 /* Assets.xcassets */ = {isa = PBXFileReference; lastKnownFileType = folder.assetcatalog; path = Assets.xcassets; sourceTree = "<group>"; };
		2F0701AA20B7F0BB000FA0E0 /* Base */ = {isa = PBXFileReference; lastKnownFileType = file.storyboard; name = Base; path = Base.lproj/LaunchScreen.storyboard; sourceTree = "<group>"; };
		2F0701AC20B7F0BB000FA0E0 /* Info.plist */ = {isa = PBXFileReference; lastKnownFileType = text.plist.xml; path = Info.plist; sourceTree = "<group>"; };
		2F0701B220B7F5C6000FA0E0 /* MasterViewController.swift */ = {isa = PBXFileReference; lastKnownFileType = sourcecode.swift; path = MasterViewController.swift; sourceTree = "<group>"; };
		2F0701B620B7F658000FA0E0 /* RantingController.swift */ = {isa = PBXFileReference; lastKnownFileType = sourcecode.swift; path = RantingController.swift; sourceTree = "<group>"; };
/* End PBXFileReference section */

/* Begin PBXFrameworksBuildPhase section */
		2F07019720B7F0BB000FA0E0 /* Frameworks */ = {
			isa = PBXFrameworksBuildPhase;
			buildActionMask = 2147483647;
			files = (
			);
			runOnlyForDeploymentPostprocessing = 0;
		};
/* End PBXFrameworksBuildPhase section */

/* Begin PBXGroup section */
		2F07019120B7F0BB000FA0E0 = {
			isa = PBXGroup;
			children = (
				2F07019C20B7F0BB000FA0E0 /* SaveFootCheckerCoreData */,
				2F07019B20B7F0BB000FA0E0 /* Products */,
			);
			sourceTree = "<group>";
		};
		2F07019B20B7F0BB000FA0E0 /* Products */ = {
			isa = PBXGroup;
			children = (
				2F07019A20B7F0BB000FA0E0 /* SaveFootCheckerCoreData.app */,
			);
			name = Products;
			sourceTree = "<group>";
		};
		2F07019C20B7F0BB000FA0E0 /* SaveFootCheckerCoreData */ = {
			isa = PBXGroup;
			children = (
				2F07019D20B7F0BB000FA0E0 /* AppDelegate.swift */,
				2F0701B520B7F633000FA0E0 /* DataSource */,
				2F0701B420B7F5CB000FA0E0 /* ViewController */,
				2F0701A120B7F0BB000FA0E0 /* Main.storyboard */,
				2F0701A720B7F0BB000FA0E0 /* Assets.xcassets */,
				2F0701A920B7F0BB000FA0E0 /* LaunchScreen.storyboard */,
				2F0701AC20B7F0BB000FA0E0 /* Info.plist */,
				2F0701A420B7F0BB000FA0E0 /* SaveFootCheckerCoreData.xcdatamodeld */,
			);
			path = SaveFootCheckerCoreData;
			sourceTree = "<group>";
		};
		2F0701B420B7F5CB000FA0E0 /* ViewController */ = {
			isa = PBXGroup;
			children = (
				2F07019F20B7F0BB000FA0E0 /* DetailViewController.swift */,
				2F0701B220B7F5C6000FA0E0 /* MasterViewController.swift */,
			);
			path = ViewController;
			sourceTree = "<group>";
		};
		2F0701B520B7F633000FA0E0 /* DataSource */ = {
			isa = PBXGroup;
			children = (
				2F0701B620B7F658000FA0E0 /* RantingController.swift */,
			);
			path = DataSource;
			sourceTree = "<group>";
		};
/* End PBXGroup section */

/* Begin PBXNativeTarget section */
		2F07019920B7F0BB000FA0E0 /* SaveFootCheckerCoreData */ = {
			isa = PBXNativeTarget;
			buildConfigurationList = 2F0701AF20B7F0BB000FA0E0 /* Build configuration list for PBXNativeTarget "SaveFootCheckerCoreData" */;
			buildPhases = (
				2F07019620B7F0BB000FA0E0 /* Sources */,
				2F07019720B7F0BB000FA0E0 /* Frameworks */,
				2F07019820B7F0BB000FA0E0 /* Resources */,
			);
			buildRules = (
			);
			dependencies = (
			);
			name = SaveFootCheckerCoreData;
			productName = SaveFootCheckerCoreData;
			productReference = 2F07019A20B7F0BB000FA0E0 /* SaveFootCheckerCoreData.app */;
			productType = "com.apple.product-type.application";
		};
/* End PBXNativeTarget section */

/* Begin PBXProject section */
		2F07019220B7F0BB000FA0E0 /* Project object */ = {
			isa = PBXProject;
			attributes = {
				LastSwiftUpdateCheck = 0920;
				LastUpgradeCheck = 0920;
				ORGANIZATIONNAME = "Ngọc Anh";
				TargetAttributes = {
					2F07019920B7F0BB000FA0E0 = {
						CreatedOnToolsVersion = 9.2;
						ProvisioningStyle = Automatic;
					};
				};
			};
			buildConfigurationList = 2F07019520B7F0BB000FA0E0 /* Build configuration list for PBXProject "SaveFootCheckerCoreData" */;
			compatibilityVersion = "Xcode 8.0";
			developmentRegion = en;
			hasScannedForEncodings = 0;
			knownRegions = (
				en,
				Base,
			);
			mainGroup = 2F07019120B7F0BB000FA0E0;
			productRefGroup = 2F07019B20B7F0BB000FA0E0 /* Products */;
			projectDirPath = "";
			projectRoot = "";
			targets = (
				2F07019920B7F0BB000FA0E0 /* SaveFootCheckerCoreData */,
			);
		};
/* End PBXProject section */

/* Begin PBXResourcesBuildPhase section */
		2F07019820B7F0BB000FA0E0 /* Resources */ = {
			isa = PBXResourcesBuildPhase;
			buildActionMask = 2147483647;
			files = (
				2F0701AB20B7F0BB000FA0E0 /* LaunchScreen.storyboard in Resources */,
				2F0701A820B7F0BB000FA0E0 /* Assets.xcassets in Resources */,
				2F0701A320B7F0BB000FA0E0 /* Main.storyboard in Resources */,
			);
			runOnlyForDeploymentPostprocessing = 0;
		};
/* End PBXResourcesBuildPhase section */

/* Begin PBXSourcesBuildPhase section */
		2F07019620B7F0BB000FA0E0 /* Sources */ = {
			isa = PBXSourcesBuildPhase;
			buildActionMask = 2147483647;
			files = (
				2F0701B720B7F658000FA0E0 /* RantingController.swift in Sources */,
				2F0701B320B7F5C6000FA0E0 /* MasterViewController.swift in Sources */,
				2F0701A620B7F0BB000FA0E0 /* SaveFootCheckerCoreData.xcdatamodeld in Sources */,
				2F0701A020B7F0BB000FA0E0 /* DetailViewController.swift in Sources */,
				2F07019E20B7F0BB000FA0E0 /* AppDelegate.swift in Sources */,
			);
			runOnlyForDeploymentPostprocessing = 0;
		};
/* End PBXSourcesBuildPhase section */

/* Begin PBXVariantGroup section */
		2F0701A120B7F0BB000FA0E0 /* Main.storyboard */ = {
			isa = PBXVariantGroup;
			children = (
				2F0701A220B7F0BB000FA0E0 /* Base */,
			);
			name = Main.storyboard;
			sourceTree = "<group>";
		};
		2F0701A920B7F0BB000FA0E0 /* LaunchScreen.storyboard */ = {
			isa = PBXVariantGroup;
			children = (
				2F0701AA20B7F0BB000FA0E0 /* Base */,
			);
			name = LaunchScreen.storyboard;
			sourceTree = "<group>";
		};
/* End PBXVariantGroup section */

/* Begin XCBuildConfiguration section */
		2F0701AD20B7F0BB000FA0E0 /* Debug */ = {
			isa = XCBuildConfiguration;
			buildSettings = {
				ALWAYS_SEARCH_USER_PATHS = NO;
				CLANG_ANALYZER_NONNULL = YES;
				CLANG_ANALYZER_NUMBER_OBJECT_CONVERSION = YES_AGGRESSIVE;
				CLANG_CXX_LANGUAGE_STANDARD = "gnu++14";
				CLANG_CXX_LIBRARY = "libc++";
				CLANG_ENABLE_MODULES = YES;
				CLANG_ENABLE_OBJC_ARC = YES;
				CLANG_WARN_BLOCK_CAPTURE_AUTORELEASING = YES;
				CLANG_WARN_BOOL_CONVERSION = YES;
				CLANG_WARN_COMMA = YES;
				CLANG_WARN_CONSTANT_CONVERSION = YES;
				CLANG_WARN_DIRECT_OBJC_ISA_USAGE = YES_ERROR;
				CLANG_WARN_DOCUMENTATION_COMMENTS = YES;
				CLANG_WARN_EMPTY_BODY = YES;
				CLANG_WARN_ENUM_CONVERSION = YES;
				CLANG_WARN_INFINITE_RECURSION = YES;
				CLANG_WARN_INT_CONVERSION = YES;
				CLANG_WARN_NON_LITERAL_NULL_CONVERSION = YES;
				CLANG_WARN_OBJC_LITERAL_CONVERSION = YES;
				CLANG_WARN_OBJC_ROOT_CLASS = YES_ERROR;
				CLANG_WARN_RANGE_LOOP_ANALYSIS = YES;
				CLANG_WARN_STRICT_PROTOTYPES = YES;
				CLANG_WARN_SUSPICIOUS_MOVE = YES;
				CLANG_WARN_UNGUARDED_AVAILABILITY = YES_AGGRESSIVE;
				CLANG_WARN_UNREACHABLE_CODE = YES;
				CLANG_WARN__DUPLICATE_METHOD_MATCH = YES;
				CODE_SIGN_IDENTITY = "iPhone Developer";
				COPY_PHASE_STRIP = NO;
				DEBUG_INFORMATION_FORMAT = dwarf;
				ENABLE_STRICT_OBJC_MSGSEND = YES;
				ENABLE_TESTABILITY = YES;
				GCC_C_LANGUAGE_STANDARD = gnu11;
				GCC_DYNAMIC_NO_PIC = NO;
				GCC_NO_COMMON_BLOCKS = YES;
				GCC_OPTIMIZATION_LEVEL = 0;
				GCC_PREPROCESSOR_DEFINITIONS = (
					"DEBUG=1",
					"$(inherited)",
				);
				GCC_WARN_64_TO_32_BIT_CONVERSION = YES;
				GCC_WARN_ABOUT_RETURN_TYPE = YES_ERROR;
				GCC_WARN_UNDECLARED_SELECTOR = YES;
				GCC_WARN_UNINITIALIZED_AUTOS = YES_AGGRESSIVE;
				GCC_WARN_UNUSED_FUNCTION = YES;
				GCC_WARN_UNUSED_VARIABLE = YES;
				IPHONEOS_DEPLOYMENT_TARGET = 11.2;
				MTL_ENABLE_DEBUG_INFO = YES;
				ONLY_ACTIVE_ARCH = YES;
				SDKROOT = iphoneos;
				SWIFT_ACTIVE_COMPILATION_CONDITIONS = DEBUG;
				SWIFT_OPTIMIZATION_LEVEL = "-Onone";
			};
			name = Debug;
		};
		2F0701AE20B7F0BB000FA0E0 /* Release */ = {
			isa = XCBuildConfiguration;
			buildSettings = {
				ALWAYS_SEARCH_USER_PATHS = NO;
				CLANG_ANALYZER_NONNULL = YES;
				CLANG_ANALYZER_NUMBER_OBJECT_CONVERSION = YES_AGGRESSIVE;
				CLANG_CXX_LANGUAGE_STANDARD = "gnu++14";
				CLANG_CXX_LIBRARY = "libc++";
				CLANG_ENABLE_MODULES = YES;
				CLANG_ENABLE_OBJC_ARC = YES;
				CLANG_WARN_BLOCK_CAPTURE_AUTORELEASING = YES;
				CLANG_WARN_BOOL_CONVERSION = YES;
				CLANG_WARN_COMMA = YES;
				CLANG_WARN_CONSTANT_CONVERSION = YES;
				CLANG_WARN_DIRECT_OBJC_ISA_USAGE = YES_ERROR;
				CLANG_WARN_DOCUMENTATION_COMMENTS = YES;
				CLANG_WARN_EMPTY_BODY = YES;
				CLANG_WARN_ENUM_CONVERSION = YES;
				CLANG_WARN_INFINITE_RECURSION = YES;
				CLANG_WARN_INT_CONVERSION = YES;
				CLANG_WARN_NON_LITERAL_NULL_CONVERSION = YES;
				CLANG_WARN_OBJC_LITERAL_CONVERSION = YES;
				CLANG_WARN_OBJC_ROOT_CLASS = YES_ERROR;
				CLANG_WARN_RANGE_LOOP_ANALYSIS = YES;
				CLANG_WARN_STRICT_PROTOTYPES = YES;
				CLANG_WARN_SUSPICIOUS_MOVE = YES;
				CLANG_WARN_UNGUARDED_AVAILABILITY = YES_AGGRESSIVE;
				CLANG_WARN_UNREACHABLE_CODE = YES;
				CLANG_WARN__DUPLICATE_METHOD_MATCH = YES;
				CODE_SIGN_IDENTITY = "iPhone Developer";
				COPY_PHASE_STRIP = NO;
				DEBUG_INFORMATION_FORMAT = "dwarf-with-dsym";
				ENABLE_NS_ASSERTIONS = NO;
				ENABLE_STRICT_OBJC_MSGSEND = YES;
				GCC_C_LANGUAGE_STANDARD = gnu11;
				GCC_NO_COMMON_BLOCKS = YES;
				GCC_WARN_64_TO_32_BIT_CONVERSION = YES;
				GCC_WARN_ABOUT_RETURN_TYPE = YES_ERROR;
				GCC_WARN_UNDECLARED_SELECTOR = YES;
				GCC_WARN_UNINITIALIZED_AUTOS = YES_AGGRESSIVE;
				GCC_WARN_UNUSED_FUNCTION = YES;
				GCC_WARN_UNUSED_VARIABLE = YES;
				IPHONEOS_DEPLOYMENT_TARGET = 11.2;
				MTL_ENABLE_DEBUG_INFO = NO;
				SDKROOT = iphoneos;
				SWIFT_OPTIMIZATION_LEVEL = "-Owholemodule";
				VALIDATE_PRODUCT = YES;
			};
			name = Release;
		};
		2F0701B020B7F0BB000FA0E0 /* Debug */ = {
			isa = XCBuildConfiguration;
			buildSettings = {
				ASSETCATALOG_COMPILER_APPICON_NAME = AppIcon;
				CODE_SIGN_STYLE = Automatic;
				INFOPLIST_FILE = SaveFootCheckerCoreData/Info.plist;
				LD_RUNPATH_SEARCH_PATHS = "$(inherited) @executable_path/Frameworks";
				PRODUCT_BUNDLE_IDENTIFIER = NA.SaveFootCheckerCoreData;
				PRODUCT_NAME = "$(TARGET_NAME)";
				SWIFT_VERSION = 4.0;
				TARGETED_DEVICE_FAMILY = "1,2";
			};
			name = Debug;
		};
		2F0701B120B7F0BB000FA0E0 /* Release */ = {
			isa = XCBuildConfiguration;
			buildSettings = {
				ASSETCATALOG_COMPILER_APPICON_NAME = AppIcon;
				CODE_SIGN_STYLE = Automatic;
				INFOPLIST_FILE = SaveFootCheckerCoreData/Info.plist;
				LD_RUNPATH_SEARCH_PATHS = "$(inherited) @executable_path/Frameworks";
				PRODUCT_BUNDLE_IDENTIFIER = NA.SaveFootCheckerCoreData;
				PRODUCT_NAME = "$(TARGET_NAME)";
				SWIFT_VERSION = 4.0;
				TARGETED_DEVICE_FAMILY = "1,2";
			};
			name = Release;
		};
/* End XCBuildConfiguration section */

/* Begin XCConfigurationList section */
		2F07019520B7F0BB000FA0E0 /* Build configuration list for PBXProject "SaveFootCheckerCoreData" */ = {
			isa = XCConfigurationList;
			buildConfigurations = (
				2F0701AD20B7F0BB000FA0E0 /* Debug */,
				2F0701AE20B7F0BB000FA0E0 /* Release */,
			);
			defaultConfigurationIsVisible = 0;
			defaultConfigurationName = Release;
		};
		2F0701AF20B7F0BB000FA0E0 /* Build configuration list for PBXNativeTarget "SaveFootCheckerCoreData" */ = {
			isa = XCConfigurationList;
			buildConfigurations = (
				2F0701B020B7F0BB000FA0E0 /* Debug */,
				2F0701B120B7F0BB000FA0E0 /* Release */,
			);
			defaultConfigurationIsVisible = 0;
			defaultConfigurationName = Release;
		};
/* End XCConfigurationList section */

/* Begin XCVersionGroup section */
		2F0701A420B7F0BB000FA0E0 /* SaveFootCheckerCoreData.xcdatamodeld */ = {
			isa = XCVersionGroup;
			children = (
				2F0701A520B7F0BB000FA0E0 /* SaveFootCheckerCoreData.xcdatamodel */,
			);
			currentVersion = 2F0701A520B7F0BB000FA0E0 /* SaveFootCheckerCoreData.xcdatamodel */;
			path = SaveFootCheckerCoreData.xcdatamodeld;
			sourceTree = "<group>";
			versionGroupType = wrapper.xcdatamodel;
		};
/* End XCVersionGroup section */
	};
	rootObject = 2F07019220B7F0BB000FA0E0 /* Project object */;
}
